<?xml version="1.0" encoding="utf-8"?>
<Project ToolsVersion="4.0" xmlns="http://schemas.microsoft.com/developer/msbuild/2003">
  <ItemGroup>
    <Filter Include="Source Files">
      <UniqueIdentifier>{4FC737F1-C7A5-4376-A066-2A32D752A2FF}</UniqueIdentifier>
      <Extensions>cpp;c;cc;cxx;def;odl;idl;hpj;bat;asm;asmx</Extensions>
    </Filter>
    <Filter Include="Header Files">
      <UniqueIdentifier>{93995380-89BD-4b04-88EB-625FBE52EBFB}</UniqueIdentifier>
      <Extensions>h;hh;hpp;hxx;hm;inl;inc;ipp;xsd</Extensions>
    </Filter>
    <Filter Include="Resource Files">
      <UniqueIdentifier>{67DA6AB6-F800-4c08-8B7A-83BB121AAD01}</UniqueIdentifier>
      <Extensions>rc;ico;cur;bmp;dlg;rc2;rct;bin;rgs;gif;jpg;jpeg;jpe;resx;tiff;tif;png;wav;mfcribbon-ms</Extensions>
    </Filter>
  </ItemGroup>
  <ItemGroup>
    <ClInclude Include="Game\zMain.h">
      <Filter>Header Files</Filter>
    </ClInclude>
    <ClInclude Include="Game\zGlobals.h">
      <Filter>Header Files</Filter>
    </ClInclude>
    <ClInclude Include="Core\x\xCamera.h">
      <Filter>Header Files</Filter>
    </ClInclude>
    <ClInclude Include="Core\x\xGlobals.h">
      <Filter>Header Files</Filter>
    </ClInclude>
    <ClInclude Include="Core\x\xBase.h">
      <Filter>Header Files</Filter>
    </ClInclude>
    <ClInclude Include="Core\x\xLinkAsset.h">
      <Filter>Header Files</Filter>
    </ClInclude>
    <ClInclude Include="Core\x\xVec3.h">
      <Filter>Header Files</Filter>
    </ClInclude>
    <ClInclude Include="Core\x\xMath3.h">
      <Filter>Header Files</Filter>
    </ClInclude>
    <ClInclude Include="Core\x\xBound.h">
      <Filter>Header Files</Filter>
    </ClInclude>
    <ClInclude Include="Core\x\xQuickCull.h">
      <Filter>Header Files</Filter>
    </ClInclude>
    <ClInclude Include="Core\x\xScene.h">
      <Filter>Header Files</Filter>
    </ClInclude>
    <ClInclude Include="Core\x\xEnt.h">
      <Filter>Header Files</Filter>
    </ClInclude>
    <ClInclude Include="Core\x\xModel.h">
      <Filter>Header Files</Filter>
    </ClInclude>
    <ClInclude Include="Core\x\xAnim.h">
      <Filter>Header Files</Filter>
    </ClInclude>
    <ClInclude Include="Core\x\xMemMgr.h">
      <Filter>Header Files</Filter>
    </ClInclude>
    <ClInclude Include="Core\x\xSurface.h">
      <Filter>Header Files</Filter>
    </ClInclude>
    <ClInclude Include="Core\x\xModelBucket.h">
      <Filter>Header Files</Filter>
    </ClInclude>
    <ClInclude Include="Core\x\xLightKit.h">
      <Filter>Header Files</Filter>
    </ClInclude>
    <ClInclude Include="Core\x\xCollide.h">
      <Filter>Header Files</Filter>
    </ClInclude>
    <ClInclude Include="Core\x\xGrid.h">
      <Filter>Header Files</Filter>
    </ClInclude>
    <ClInclude Include="Core\x\xFFX.h">
      <Filter>Header Files</Filter>
    </ClInclude>
    <ClInclude Include="Core\x\xShadowSimple.h">
      <Filter>Header Files</Filter>
    </ClInclude>
    <ClInclude Include="Core\x\xEnv.h">
      <Filter>Header Files</Filter>
    </ClInclude>
    <ClInclude Include="Core\p2\iEnv.h">
      <Filter>Header Files</Filter>
    </ClInclude>
    <ClInclude Include="Core\x\xJSP.h">
      <Filter>Header Files</Filter>
    </ClInclude>
    <ClInclude Include="Core\x\xClumpColl.h">
      <Filter>Header Files</Filter>
    </ClInclude>
    <ClInclude Include="Core\x\xPad.h">
      <Filter>Header Files</Filter>
    </ClInclude>
    <ClInclude Include="Core\x\xRumble.h">
      <Filter>Header Files</Filter>
    </ClInclude>
    <ClInclude Include="Core\p2\iPad.h">
      <Filter>Header Files</Filter>
    </ClInclude>
    <ClInclude Include="Core\x\xMath2.h">
      <Filter>Header Files</Filter>
    </ClInclude>
    <ClInclude Include="Core\x\xUpdateCull.h">
      <Filter>Header Files</Filter>
    </ClInclude>
    <ClInclude Include="Core\x\xGroup.h">
      <Filter>Header Files</Filter>
    </ClInclude>
    <ClInclude Include="Core\x\iCamera.h">
      <Filter>Header Files</Filter>
    </ClInclude>
    <ClInclude Include="Game\zEnt.h">
      <Filter>Header Files</Filter>
    </ClInclude>
    <ClInclude Include="Game\zEntPlayer.h">
      <Filter>Header Files</Filter>
    </ClInclude>
    <ClInclude Include="Game\zLasso.h">
      <Filter>Header Files</Filter>
    </ClInclude>
    <ClInclude Include="Core\x\xEntBoulder.h">
      <Filter>Header Files</Filter>
    </ClInclude>
    <ClInclude Include="Game\zEntHangable.h">
      <Filter>Header Files</Filter>
    </ClInclude>
    <ClInclude Include="Game\zPlatform.h">
      <Filter>Header Files</Filter>
    </ClInclude>
    <ClInclude Include="Core\x\xEntMotion.h">
      <Filter>Header Files</Filter>
    </ClInclude>
    <ClInclude Include="Core\x\xMovePoint.h">
      <Filter>Header Files</Filter>
    </ClInclude>
    <ClInclude Include="Core\x\xSpline.h">
      <Filter>Header Files</Filter>
    </ClInclude>
    <ClInclude Include="Core\x\xEntDrive.h">
      <Filter>Header Files</Filter>
    </ClInclude>
    <ClInclude Include="Game\zPickupTable.h">
      <Filter>Header Files</Filter>
    </ClInclude>
    <ClInclude Include="Game\zCutsceneMgr.h">
      <Filter>Header Files</Filter>
    </ClInclude>
    <ClInclude Include="Core\x\xCutscene.h">
      <Filter>Header Files</Filter>
    </ClInclude>
    <ClInclude Include="Core\x\xFile.h">
      <Filter>Header Files</Filter>
    </ClInclude>
    <ClInclude Include="Core\p2\iFile.h">
      <Filter>Header Files</Filter>
    </ClInclude>
    <ClInclude Include="Game\zScene.h">
      <Filter>Header Files</Filter>
    </ClInclude>
    <ClInclude Include="Game\zPortal.h">
      <Filter>Header Files</Filter>
    </ClInclude>
    <ClInclude Include="Game\zEnv.h">
      <Filter>Header Files</Filter>
    </ClInclude>
    <ClInclude Include="Core\p2\iSystem.h">
      <Filter>Header Files</Filter>
    </ClInclude>
    <ClInclude Include="Core\x\xDebug.h">
      <Filter>Header Files</Filter>
    </ClInclude>
    <ClInclude Include="Core\p2\iTime.h">
      <Filter>Header Files</Filter>
    </ClInclude>
    <ClInclude Include="Core\x\xSnd.h">
      <Filter>Header Files</Filter>
    </ClInclude>
    <ClInclude Include="Core\x\xMath.h">
      <Filter>Header Files</Filter>
    </ClInclude>
    <ClInclude Include="Core\x\xShadow.h">
      <Filter>Header Files</Filter>
    </ClInclude>
    <ClInclude Include="Core\x\xFX.h">
      <Filter>Header Files</Filter>
    </ClInclude>
    <ClInclude Include="Core\p2\iMemMgr.h">
      <Filter>Header Files</Filter>
    </ClInclude>
    <ClInclude Include="Core\p2\iMath3.h">
      <Filter>Header Files</Filter>
    </ClInclude>
    <ClInclude Include="Game\zVar.h">
      <Filter>Header Files</Filter>
    </ClInclude>
    <ClInclude Include="Core\x\xFont.h">
      <Filter>Header Files</Filter>
    </ClInclude>
    <ClInclude Include="Core\x\xString.h">
      <Filter>Header Files</Filter>
    </ClInclude>
    <ClInclude Include="Core\p2\iColor.h">
      <Filter>Header Files</Filter>
    </ClInclude>
    <ClInclude Include="Core\p2\iFog.h">
      <Filter>Header Files</Filter>
    </ClInclude>
    <ClInclude Include="Game\zAssetTypes.h">
      <Filter>Header Files</Filter>
    </ClInclude>
    <ClInclude Include="Core\x\xstransvc.h">
      <Filter>Header Files</Filter>
    </ClInclude>
    <ClInclude Include="Core\x\xpkrsvc.h">
      <Filter>Header Files</Filter>
    </ClInclude>
    <ClInclude Include="Core\x\xhipio.h">
      <Filter>Header Files</Filter>
    </ClInclude>
    <ClInclude Include="Core\x\xbinio.h">
      <Filter>Header Files</Filter>
    </ClInclude>
    <ClInclude Include="Core\x\xordarray.h">
      <Filter>Header Files</Filter>
    </ClInclude>
    <ClInclude Include="Game\zNPCTypeTest.h">
      <Filter>Header Files</Filter>
    </ClInclude>
    <ClInclude Include="Game\zNPCTypeDutchman.h">
      <Filter>Header Files</Filter>
    </ClInclude>
    <ClInclude Include="Game\zNPCTypeDuplotron.h">
      <Filter>Header Files</Filter>
    </ClInclude>
    <ClInclude Include="Game\zNPCTypeCommon.h">
      <Filter>Header Files</Filter>
    </ClInclude>
    <ClInclude Include="Game\zNPCTypeBossPlankton.h">
      <Filter>Header Files</Filter>
    </ClInclude>
    <ClInclude Include="Game\zNPCTypeBossSandy.h">
      <Filter>Header Files</Filter>
    </ClInclude>
    <ClInclude Include="Game\zNPCTypeRobot.h">
      <Filter>Header Files</Filter>
    </ClInclude>
    <ClInclude Include="Game\zNPCTypeKingJelly.h">
      <Filter>Header Files</Filter>
    </ClInclude>
    <ClInclude Include="Game\zNPCTypeVillager.h">
      <Filter>Header Files</Filter>
    </ClInclude>
    <ClInclude Include="Game\zNPCTypePrawn.h">
      <Filter>Header Files</Filter>
    </ClInclude>
    <ClInclude Include="Game\zNPCTypeAmbient.h">
      <Filter>Header Files</Filter>
    </ClInclude>
    <ClInclude Include="Game\zNPCTypeBossSB1.h">
      <Filter>Header Files</Filter>
    </ClInclude>
    <ClInclude Include="Game\zNPCTypeBoss.h">
      <Filter>Header Files</Filter>
    </ClInclude>
    <ClInclude Include="Game\zNPCTypeBossSB2.h">
      <Filter>Header Files</Filter>
    </ClInclude>
    <ClInclude Include="Game\zNPCTypeTiki.h">
      <Filter>Header Files</Filter>
    </ClInclude>
    <ClInclude Include="Game\zNPCTypeBossPatrick.h">
      <Filter>Header Files</Filter>
    </ClInclude>
    <ClInclude Include="Core\x\xutil.h">
      <Filter>Header Files</Filter>
    </ClInclude>
    <ClInclude Include="Core\p2\print.h">
      <Filter>Header Files</Filter>
    </ClInclude>
    <ClInclude Include="Core\p2\iScrFX.h">
      <Filter>Header Files</Filter>
    </ClInclude>
  </ItemGroup>
  <ItemGroup>
    <ClCompile Include="Game\zMain.cpp">
      <Filter>Source Files</Filter>
    </ClCompile>
    <ClCompile Include="Core\x\xEnt.cpp">
      <Filter>Source Files</Filter>
    </ClCompile>
    <ClCompile Include="Core\p2\iSystem.cpp">
      <Filter>Source Files</Filter>
    </ClCompile>
    <ClCompile Include="Core\x\xDebug.cpp">
      <Filter>Source Files</Filter>
    </ClCompile>
    <ClCompile Include="Core\x\xMemMgr.cpp">
      <Filter>Source Files</Filter>
    </ClCompile>
    <ClCompile Include="Core\p2\iFile.cpp">
      <Filter>Source Files</Filter>
    </ClCompile>
    <ClCompile Include="Core\p2\iTime.cpp">
      <Filter>Source Files</Filter>
    </ClCompile>
    <ClCompile Include="Core\x\xPad.cpp">
      <Filter>Source Files</Filter>
    </ClCompile>
    <ClCompile Include="Core\x\xSnd.cpp">
      <Filter>Source Files</Filter>
    </ClCompile>
    <ClCompile Include="Core\x\xMath.cpp">
      <Filter>Source Files</Filter>
    </ClCompile>
    <ClCompile Include="Core\x\xMath3.cpp">
      <Filter>Source Files</Filter>
    </ClCompile>
    <ClCompile Include="Core\x\xShadow.cpp">
      <Filter>Source Files</Filter>
    </ClCompile>
    <ClCompile Include="Core\x\xFX.cpp">
      <Filter>Source Files</Filter>
    </ClCompile>
    <ClCompile Include="Core\p2\iMemMgr.cpp">
      <Filter>Source Files</Filter>
    </ClCompile>
    <ClCompile Include="Core\p2\iMath3.cpp">
      <Filter>Source Files</Filter>
    </ClCompile>
    <ClCompile Include="Game\zScene.cpp">
      <Filter>Source Files</Filter>
    </ClCompile>
    <ClCompile Include="Game\zVar.cpp">
      <Filter>Source Files</Filter>
    </ClCompile>
    <ClCompile Include="Core\x\xFont.cpp">
      <Filter>Source Files</Filter>
    </ClCompile>
    <ClCompile Include="Core\x\xString.cpp">
      <Filter>Source Files</Filter>
    </ClCompile>
    <ClCompile Include="Game\zAssetTypes.cpp">
      <Filter>Source Files</Filter>
    </ClCompile>
    <ClCompile Include="Core\x\xstransvc.cpp">
      <Filter>Source Files</Filter>
    </ClCompile>
    <ClCompile Include="Core\x\xpkrsvc.cpp">
      <Filter>Source Files</Filter>
    </ClCompile>
    <ClCompile Include="Core\x\xhipio.cpp">
      <Filter>Source Files</Filter>
    </ClCompile>
    <ClCompile Include="Game\zNPCTypeTest.cpp">
      <Filter>Source Files</Filter>
    </ClCompile>
    <ClCompile Include="Game\zNPCTypeDutchman.cpp">
      <Filter>Source Files</Filter>
    </ClCompile>
    <ClCompile Include="Game\zNPCTypeDuplotron.cpp">
      <Filter>Source Files</Filter>
    </ClCompile>
    <ClCompile Include="Game\zNPCTypeCommon.cpp">
      <Filter>Source Files</Filter>
    </ClCompile>
    <ClCompile Include="Game\zNPCTypeBossPlankton.cpp">
      <Filter>Source Files</Filter>
    </ClCompile>
    <ClCompile Include="Game\zNPCTypeRobot.cpp">
      <Filter>Source Files</Filter>
    </ClCompile>
    <ClCompile Include="Game\zNPCTypeBossSandy.cpp">
      <Filter>Source Files</Filter>
    </ClCompile>
    <ClCompile Include="Game\zNPCTypeKingJelly.cpp">
      <Filter>Source Files</Filter>
    </ClCompile>
    <ClCompile Include="Game\zNPCTypeVillager.cpp">
      <Filter>Source Files</Filter>
    </ClCompile>
    <ClCompile Include="Game\zNPCTypePrawn.cpp">
      <Filter>Source Files</Filter>
    </ClCompile>
    <ClCompile Include="Game\zNPCTypeAmbient.cpp">
      <Filter>Source Files</Filter>
    </ClCompile>
    <ClCompile Include="Game\zNPCTypeBossSB1.cpp">
      <Filter>Source Files</Filter>
    </ClCompile>
    <ClCompile Include="Game\zNPCTypeBoss.cpp">
      <Filter>Source Files</Filter>
    </ClCompile>
    <ClCompile Include="Game\zNPCTypeBossSB2.cpp">
      <Filter>Source Files</Filter>
    </ClCompile>
    <ClCompile Include="Game\zNPCTypeTiki.cpp">
      <Filter>Source Files</Filter>
    </ClCompile>
    <ClCompile Include="Game\zNPCTypeBossPatrick.cpp">
      <Filter>Source Files</Filter>
    </ClCompile>
    <ClCompile Include="Core\x\xutil.cpp">
      <Filter>Source Files</Filter>
    </ClCompile>
    <ClCompile Include="Core\x\xbinio.cpp">
      <Filter>Source Files</Filter>
    </ClCompile>
    <ClCompile Include="Core\x\xFile.cpp">
      <Filter>Source Files</Filter>
    </ClCompile>
    <ClCompile Include="Core\x\xordarray.cpp">
      <Filter>Source Files</Filter>
    </ClCompile>
    <ClCompile Include="Core\p2\print.cpp">
      <Filter>Source Files</Filter>
    </ClCompile>
    <ClCompile Include="Core\x\iCamera.cpp">
      <Filter>Source Files</Filter>
    </ClCompile>
    <ClCompile Include="Core\p2\iScrFX.cpp">
      <Filter>Source Files</Filter>
    </ClCompile>
    <ClCompile Include="Core\x\xVec3.cpp">
      <Filter>Source Files</Filter>
    </ClCompile>
    <ClCompile Include="Core\x\xMath2.cpp">
      <Filter>Source Files</Filter>
    </ClCompile>
    <ClCompile Include="Core\p2\bacamval_hack.c">
      <Filter>Source Files</Filter>
    </ClCompile>
  </ItemGroup>
</Project>