<?xml version="1.0" encoding="utf-8"?>
<Project ToolsVersion="4.0" xmlns="http://schemas.microsoft.com/developer/msbuild/2003">
  <ItemGroup>
    <Filter Include="Source Files">
      <UniqueIdentifier>{4FC737F1-C7A5-4376-A066-2A32D752A2FF}</UniqueIdentifier>
      <Extensions>cpp;c;cc;cxx;def;odl;idl;hpj;bat;asm;asmx</Extensions>
    </Filter>
    <Filter Include="Header Files">
      <UniqueIdentifier>{93995380-89BD-4b04-88EB-625FBE52EBFB}</UniqueIdentifier>
      <Extensions>h;hh;hpp;hxx;hm;inl;inc;ipp;xsd</Extensions>
    </Filter>
    <Filter Include="Resource Files">
      <UniqueIdentifier>{67DA6AB6-F800-4c08-8B7A-83BB121AAD01}</UniqueIdentifier>
      <Extensions>rc;ico;cur;bmp;dlg;rc2;rct;bin;rgs;gif;jpg;jpeg;jpe;resx;tiff;tif;png;wav;mfcribbon-ms</Extensions>
    </Filter>
  </ItemGroup>
  <ItemGroup>
    <ClInclude Include="Game\zMain.h">
      <Filter>Header Files</Filter>
    </ClInclude>
    <ClInclude Include="Game\zGlobals.h">
      <Filter>Header Files</Filter>
    </ClInclude>
    <ClInclude Include="Core\x\xCamera.h">
      <Filter>Header Files</Filter>
    </ClInclude>
    <ClInclude Include="Core\x\xGlobals.h">
      <Filter>Header Files</Filter>
    </ClInclude>
    <ClInclude Include="Core\x\xBase.h">
      <Filter>Header Files</Filter>
    </ClInclude>
    <ClInclude Include="Core\x\xLinkAsset.h">
      <Filter>Header Files</Filter>
    </ClInclude>
    <ClInclude Include="Core\x\xVec3.h">
      <Filter>Header Files</Filter>
    </ClInclude>
    <ClInclude Include="Core\x\xMath3.h">
      <Filter>Header Files</Filter>
    </ClInclude>
    <ClInclude Include="Core\x\xBound.h">
      <Filter>Header Files</Filter>
    </ClInclude>
    <ClInclude Include="Core\x\xQuickCull.h">
      <Filter>Header Files</Filter>
    </ClInclude>
    <ClInclude Include="Core\x\xScene.h">
      <Filter>Header Files</Filter>
    </ClInclude>
    <ClInclude Include="Core\x\xEnt.h">
      <Filter>Header Files</Filter>
    </ClInclude>
    <ClInclude Include="Core\x\xModel.h">
      <Filter>Header Files</Filter>
    </ClInclude>
    <ClInclude Include="Core\x\xAnim.h">
      <Filter>Header Files</Filter>
    </ClInclude>
    <ClInclude Include="Core\x\xMemMgr.h">
      <Filter>Header Files</Filter>
    </ClInclude>
    <ClInclude Include="Core\x\xSurface.h">
      <Filter>Header Files</Filter>
    </ClInclude>
    <ClInclude Include="Core\x\xModelBucket.h">
      <Filter>Header Files</Filter>
    </ClInclude>
    <ClInclude Include="Core\x\xLightKit.h">
      <Filter>Header Files</Filter>
    </ClInclude>
    <ClInclude Include="Core\x\xCollide.h">
      <Filter>Header Files</Filter>
    </ClInclude>
    <ClInclude Include="Core\x\xGrid.h">
      <Filter>Header Files</Filter>
    </ClInclude>
    <ClInclude Include="Core\x\xFFX.h">
      <Filter>Header Files</Filter>
    </ClInclude>
    <ClInclude Include="Core\x\xShadowSimple.h">
      <Filter>Header Files</Filter>
    </ClInclude>
    <ClInclude Include="Core\x\xEnv.h">
      <Filter>Header Files</Filter>
    </ClInclude>
    <ClInclude Include="Core\p2\iEnv.h">
      <Filter>Header Files</Filter>
    </ClInclude>
    <ClInclude Include="Core\x\xJSP.h">
      <Filter>Header Files</Filter>
    </ClInclude>
    <ClInclude Include="Core\x\xClumpColl.h">
      <Filter>Header Files</Filter>
    </ClInclude>
    <ClInclude Include="Core\x\xPad.h">
      <Filter>Header Files</Filter>
    </ClInclude>
    <ClInclude Include="Core\x\xRumble.h">
      <Filter>Header Files</Filter>
    </ClInclude>
    <ClInclude Include="Core\p2\iPad.h">
      <Filter>Header Files</Filter>
    </ClInclude>
    <ClInclude Include="Core\x\xMath2.h">
      <Filter>Header Files</Filter>
    </ClInclude>
    <ClInclude Include="Core\x\xUpdateCull.h">
      <Filter>Header Files</Filter>
    </ClInclude>
    <ClInclude Include="Core\x\xGroup.h">
      <Filter>Header Files</Filter>
    </ClInclude>
    <ClInclude Include="Core\x\iCamera.h">
      <Filter>Header Files</Filter>
    </ClInclude>
    <ClInclude Include="Game\zEnt.h">
      <Filter>Header Files</Filter>
    </ClInclude>
    <ClInclude Include="Game\zEntPlayer.h">
      <Filter>Header Files</Filter>
    </ClInclude>
    <ClInclude Include="Game\zLasso.h">
      <Filter>Header Files</Filter>
    </ClInclude>
    <ClInclude Include="Core\x\xEntBoulder.h">
      <Filter>Header Files</Filter>
    </ClInclude>
    <ClInclude Include="Game\zEntHangable.h">
      <Filter>Header Files</Filter>
    </ClInclude>
    <ClInclude Include="Game\zPlatform.h">
      <Filter>Header Files</Filter>
    </ClInclude>
    <ClInclude Include="Core\x\xEntMotion.h">
      <Filter>Header Files</Filter>
    </ClInclude>
    <ClInclude Include="Core\x\xMovePoint.h">
      <Filter>Header Files</Filter>
    </ClInclude>
    <ClInclude Include="Core\x\xSpline.h">
      <Filter>Header Files</Filter>
    </ClInclude>
    <ClInclude Include="Core\x\xEntDrive.h">
      <Filter>Header Files</Filter>
    </ClInclude>
    <ClInclude Include="Game\zPickupTable.h">
      <Filter>Header Files</Filter>
    </ClInclude>
    <ClInclude Include="Game\zCutsceneMgr.h">
      <Filter>Header Files</Filter>
    </ClInclude>
    <ClInclude Include="Core\x\xCutscene.h">
      <Filter>Header Files</Filter>
    </ClInclude>
    <ClInclude Include="Core\x\xFile.h">
      <Filter>Header Files</Filter>
    </ClInclude>
    <ClInclude Include="Core\p2\iFile.h">
      <Filter>Header Files</Filter>
    </ClInclude>
    <ClInclude Include="Game\zScene.h">
      <Filter>Header Files</Filter>
    </ClInclude>
    <ClInclude Include="Game\zPortal.h">
      <Filter>Header Files</Filter>
    </ClInclude>
    <ClInclude Include="Game\zEnv.h">
      <Filter>Header Files</Filter>
    </ClInclude>
  </ItemGroup>
  <ItemGroup>
    <ClCompile Include="Game\zMain.cpp">
      <Filter>Source Files</Filter>
    </ClCompile>
    <ClCompile Include="Core\x\xEnt.cpp">
      <Filter>Source Files</Filter>
    </ClCompile>
  </ItemGroup>
</Project>