<?xml version="1.0" encoding="utf-8"?>
<Project ToolsVersion="4.0" xmlns="http://schemas.microsoft.com/developer/msbuild/2003">
  <ItemGroup>
    <Filter Include="Source Files">
      <UniqueIdentifier>{4FC737F1-C7A5-4376-A066-2A32D752A2FF}</UniqueIdentifier>
      <Extensions>cpp;c;cc;cxx;def;odl;idl;hpj;bat;asm;asmx</Extensions>
    </Filter>
    <Filter Include="Header Files">
      <UniqueIdentifier>{93995380-89BD-4b04-88EB-625FBE52EBFB}</UniqueIdentifier>
      <Extensions>h;hh;hpp;hxx;hm;inl;inc;ipp;xsd</Extensions>
    </Filter>
    <Filter Include="Resource Files">
      <UniqueIdentifier>{67DA6AB6-F800-4c08-8B7A-83BB121AAD01}</UniqueIdentifier>
      <Extensions>rc;ico;cur;bmp;dlg;rc2;rct;bin;rgs;gif;jpg;jpeg;jpe;resx;tiff;tif;png;wav;mfcribbon-ms</Extensions>
    </Filter>
  </ItemGroup>
  <ItemGroup>
    <ClInclude Include="Game\zMain.h">
      <Filter>Header Files</Filter>
    </ClInclude>
    <ClInclude Include="Game\zGlobals.h">
      <Filter>Header Files</Filter>
    </ClInclude>
    <ClInclude Include="Core\x\xCamera.h">
      <Filter>Header Files</Filter>
    </ClInclude>
    <ClInclude Include="Core\x\xGlobals.h">
      <Filter>Header Files</Filter>
    </ClInclude>
    <ClInclude Include="Core\x\xBase.h">
      <Filter>Header Files</Filter>
    </ClInclude>
    <ClInclude Include="Core\x\xLinkAsset.h">
      <Filter>Header Files</Filter>
    </ClInclude>
    <ClInclude Include="Core\x\xVec3.h">
      <Filter>Header Files</Filter>
    </ClInclude>
    <ClInclude Include="Core\x\xMath3.h">
      <Filter>Header Files</Filter>
    </ClInclude>
    <ClInclude Include="Core\x\xBound.h">
      <Filter>Header Files</Filter>
    </ClInclude>
    <ClInclude Include="Core\x\xQuickCull.h">
      <Filter>Header Files</Filter>
    </ClInclude>
    <ClInclude Include="Core\x\xScene.h">
      <Filter>Header Files</Filter>
    </ClInclude>
    <ClInclude Include="Core\x\xEnt.h">
      <Filter>Header Files</Filter>
    </ClInclude>
    <ClInclude Include="Core\x\xModel.h">
      <Filter>Header Files</Filter>
    </ClInclude>
    <ClInclude Include="Core\x\xAnim.h">
      <Filter>Header Files</Filter>
    </ClInclude>
    <ClInclude Include="Core\x\xMemMgr.h">
      <Filter>Header Files</Filter>
    </ClInclude>
    <ClInclude Include="Core\x\xSurface.h">
      <Filter>Header Files</Filter>
    </ClInclude>
    <ClInclude Include="Core\x\xModelBucket.h">
      <Filter>Header Files</Filter>
    </ClInclude>
    <ClInclude Include="Core\x\xLightKit.h">
      <Filter>Header Files</Filter>
    </ClInclude>
    <ClInclude Include="Core\x\xCollide.h">
      <Filter>Header Files</Filter>
    </ClInclude>
    <ClInclude Include="Core\x\xGrid.h">
      <Filter>Header Files</Filter>
    </ClInclude>
    <ClInclude Include="Core\x\xFFX.h">
      <Filter>Header Files</Filter>
    </ClInclude>
    <ClInclude Include="Core\x\xShadowSimple.h">
      <Filter>Header Files</Filter>
    </ClInclude>
    <ClInclude Include="Core\x\xEnv.h">
      <Filter>Header Files</Filter>
    </ClInclude>
    <ClInclude Include="Core\p2\iEnv.h">
      <Filter>Header Files</Filter>
    </ClInclude>
    <ClInclude Include="Core\x\xJSP.h">
      <Filter>Header Files</Filter>
    </ClInclude>
    <ClInclude Include="Core\x\xClumpColl.h">
      <Filter>Header Files</Filter>
    </ClInclude>
    <ClInclude Include="Core\x\xPad.h">
      <Filter>Header Files</Filter>
    </ClInclude>
    <ClInclude Include="Core\x\xRumble.h">
      <Filter>Header Files</Filter>
    </ClInclude>
    <ClInclude Include="Core\p2\iPad.h">
      <Filter>Header Files</Filter>
    </ClInclude>
    <ClInclude Include="Core\x\xMath2.h">
      <Filter>Header Files</Filter>
    </ClInclude>
    <ClInclude Include="Core\x\xUpdateCull.h">
      <Filter>Header Files</Filter>
    </ClInclude>
    <ClInclude Include="Core\x\xGroup.h">
      <Filter>Header Files</Filter>
    </ClInclude>
    <ClInclude Include="Core\x\iCamera.h">
      <Filter>Header Files</Filter>
    </ClInclude>
    <ClInclude Include="Game\zEnt.h">
      <Filter>Header Files</Filter>
    </ClInclude>
    <ClInclude Include="Game\zEntPlayer.h">
      <Filter>Header Files</Filter>
    </ClInclude>
    <ClInclude Include="Game\zLasso.h">
      <Filter>Header Files</Filter>
    </ClInclude>
    <ClInclude Include="Core\x\xEntBoulder.h">
      <Filter>Header Files</Filter>
    </ClInclude>
    <ClInclude Include="Game\zEntHangable.h">
      <Filter>Header Files</Filter>
    </ClInclude>
    <ClInclude Include="Game\zPlatform.h">
      <Filter>Header Files</Filter>
    </ClInclude>
    <ClInclude Include="Core\x\xEntMotion.h">
      <Filter>Header Files</Filter>
    </ClInclude>
    <ClInclude Include="Core\x\xMovePoint.h">
      <Filter>Header Files</Filter>
    </ClInclude>
    <ClInclude Include="Core\x\xSpline.h">
      <Filter>Header Files</Filter>
    </ClInclude>
    <ClInclude Include="Core\x\xEntDrive.h">
      <Filter>Header Files</Filter>
    </ClInclude>
    <ClInclude Include="Game\zPickupTable.h">
      <Filter>Header Files</Filter>
    </ClInclude>
    <ClInclude Include="Game\zCutsceneMgr.h">
      <Filter>Header Files</Filter>
    </ClInclude>
    <ClInclude Include="Core\x\xCutscene.h">
      <Filter>Header Files</Filter>
    </ClInclude>
    <ClInclude Include="Core\x\xFile.h">
      <Filter>Header Files</Filter>
    </ClInclude>
    <ClInclude Include="Core\p2\iFile.h">
      <Filter>Header Files</Filter>
    </ClInclude>
    <ClInclude Include="Game\zScene.h">
      <Filter>Header Files</Filter>
    </ClInclude>
    <ClInclude Include="Game\zPortal.h">
      <Filter>Header Files</Filter>
    </ClInclude>
    <ClInclude Include="Game\zEnv.h">
      <Filter>Header Files</Filter>
    </ClInclude>
    <ClInclude Include="Core\p2\iSystem.h">
      <Filter>Header Files</Filter>
    </ClInclude>
    <ClInclude Include="Core\x\xDebug.h">
      <Filter>Header Files</Filter>
    </ClInclude>
    <ClInclude Include="Core\p2\iTime.h">
      <Filter>Header Files</Filter>
    </ClInclude>
    <ClInclude Include="Core\x\xSnd.h">
      <Filter>Header Files</Filter>
    </ClInclude>
    <ClInclude Include="Core\x\xMath.h">
      <Filter>Header Files</Filter>
    </ClInclude>
    <ClInclude Include="Core\x\xShadow.h">
      <Filter>Header Files</Filter>
    </ClInclude>
    <ClInclude Include="Core\x\xFX.h">
      <Filter>Header Files</Filter>
    </ClInclude>
    <ClInclude Include="Core\p2\iMemMgr.h">
      <Filter>Header Files</Filter>
    </ClInclude>
    <ClInclude Include="Core\p2\iMath3.h">
      <Filter>Header Files</Filter>
    </ClInclude>
    <ClInclude Include="Game\zVar.h">
      <Filter>Header Files</Filter>
    </ClInclude>
    <ClInclude Include="Core\x\xFont.h">
      <Filter>Header Files</Filter>
    </ClInclude>
    <ClInclude Include="Core\x\xString.h">
      <Filter>Header Files</Filter>
    </ClInclude>
    <ClInclude Include="Core\p2\iColor.h">
      <Filter>Header Files</Filter>
    </ClInclude>
    <ClInclude Include="Core\p2\iFog.h">
      <Filter>Header Files</Filter>
    </ClInclude>
    <ClInclude Include="Game\zAssetTypes.h">
      <Filter>Header Files</Filter>
    </ClInclude>
    <ClInclude Include="Core\x\xstransvc.h">
      <Filter>Header Files</Filter>
    </ClInclude>
    <ClInclude Include="Core\x\xpkrsvc.h">
      <Filter>Header Files</Filter>
    </ClInclude>
    <ClInclude Include="Core\x\xhipio.h">
      <Filter>Header Files</Filter>
    </ClInclude>
    <ClInclude Include="Core\x\xbinio.h">
      <Filter>Header Files</Filter>
    </ClInclude>
    <ClInclude Include="Core\x\xordarray.h">
      <Filter>Header Files</Filter>
    </ClInclude>
    <ClInclude Include="Game\zNPCTypeTest.h">
      <Filter>Header Files</Filter>
    </ClInclude>
    <ClInclude Include="Game\zNPCTypeDutchman.h">
      <Filter>Header Files</Filter>
    </ClInclude>
    <ClInclude Include="Game\zNPCTypeDuplotron.h">
      <Filter>Header Files</Filter>
    </ClInclude>
    <ClInclude Include="Game\zNPCTypeCommon.h">
      <Filter>Header Files</Filter>
    </ClInclude>
    <ClInclude Include="Game\zNPCTypeBossPlankton.h">
      <Filter>Header Files</Filter>
    </ClInclude>
    <ClInclude Include="Game\zNPCTypeBossSandy.h">
      <Filter>Header Files</Filter>
    </ClInclude>
    <ClInclude Include="Game\zNPCTypeRobot.h">
      <Filter>Header Files</Filter>
    </ClInclude>
    <ClInclude Include="Game\zNPCTypeKingJelly.h">
      <Filter>Header Files</Filter>
    </ClInclude>
    <ClInclude Include="Game\zNPCTypeVillager.h">
      <Filter>Header Files</Filter>
    </ClInclude>
    <ClInclude Include="Game\zNPCTypePrawn.h">
      <Filter>Header Files</Filter>
    </ClInclude>
    <ClInclude Include="Game\zNPCTypeAmbient.h">
      <Filter>Header Files</Filter>
    </ClInclude>
    <ClInclude Include="Game\zNPCTypeBossSB1.h">
      <Filter>Header Files</Filter>
    </ClInclude>
    <ClInclude Include="Game\zNPCTypeBoss.h">
      <Filter>Header Files</Filter>
    </ClInclude>
    <ClInclude Include="Game\zNPCTypeBossSB2.h">
      <Filter>Header Files</Filter>
    </ClInclude>
    <ClInclude Include="Game\zNPCTypeTiki.h">
      <Filter>Header Files</Filter>
    </ClInclude>
    <ClInclude Include="Game\zNPCTypeBossPatrick.h">
      <Filter>Header Files</Filter>
    </ClInclude>
    <ClInclude Include="Core\x\xutil.h">
      <Filter>Header Files</Filter>
    </ClInclude>
    <ClInclude Include="Core\p2\print.h">
      <Filter>Header Files</Filter>
    </ClInclude>
    <ClInclude Include="Core\p2\iScrFX.h">
      <Filter>Header Files</Filter>
    </ClInclude>
    <ClInclude Include="Game\zMenu.h">
      <Filter>Header Files</Filter>
    </ClInclude>
    <ClInclude Include="Core\x\xTRC.h">
      <Filter>Header Files</Filter>
    </ClInclude>
    <ClInclude Include="Core\x\xColor.h">
      <Filter>Header Files</Filter>
    </ClInclude>
    <ClInclude Include="Core\x\xIni.h">
      <Filter>Header Files</Filter>
    </ClInclude>
    <ClInclude Include="Game\zGame.h">
      <Filter>Header Files</Filter>
    </ClInclude>
    <ClInclude Include="Game\zUI.h">
      <Filter>Header Files</Filter>
    </ClInclude>
    <ClInclude Include="Core\x\xScrFx.h">
      <Filter>Header Files</Filter>
    </ClInclude>
    <ClInclude Include="Game\zCamera.h">
      <Filter>Header Files</Filter>
    </ClInclude>
    <ClInclude Include="Core\p2\iMath.h">
      <Filter>Header Files</Filter>
    </ClInclude>
    <ClInclude Include="Core\x\xserializer.h">
      <Filter>Header Files</Filter>
    </ClInclude>
    <ClInclude Include="Game\zEntPlayerBungeeState.h">
      <Filter>Header Files</Filter>
    </ClInclude>
    <ClInclude Include="Game\zEntPlayerOOBState.h">
      <Filter>Header Files</Filter>
    </ClInclude>
    <ClInclude Include="Game\zTalkBox.h">
      <Filter>Header Files</Filter>
    </ClInclude>
    <ClInclude Include="Core\x\xDynAsset.h">
      <Filter>Header Files</Filter>
    </ClInclude>
    <ClInclude Include="Game\zTextBox.h">
      <Filter>Header Files</Filter>
    </ClInclude>
    <ClInclude Include="Core\x\xNPCBasic.h">
      <Filter>Header Files</Filter>
    </ClInclude>
    <ClInclude Include="Core\x\xFactory.h">
      <Filter>Header Files</Filter>
    </ClInclude>
    <ClInclude Include="Core\x\xRMemData.h">
      <Filter>Header Files</Filter>
    </ClInclude>
    <ClInclude Include="Core\x\xListItem.h">
      <Filter>Header Files</Filter>
    </ClInclude>
    <ClInclude Include="Game\zNPCSndTable.h">
      <Filter>Header Files</Filter>
    </ClInclude>
    <ClInclude Include="Game\zMovePoint.h">
      <Filter>Header Files</Filter>
    </ClInclude>
    <ClInclude Include="Core\x\xBehaveMgr.h">
      <Filter>Header Files</Filter>
    </ClInclude>
    <ClInclude Include="Core\x\xBehaviour.h">
      <Filter>Header Files</Filter>
    </ClInclude>
    <ClInclude Include="Game\zShrapnel.h">
      <Filter>Header Files</Filter>
    </ClInclude>
    <ClInclude Include="Core\x\xParEmitter.h">
      <Filter>Header Files</Filter>
    </ClInclude>
    <ClInclude Include="Game\zParEmitter.h">
      <Filter>Header Files</Filter>
    </ClInclude>
    <ClInclude Include="Core\x\xParGroup.h">
      <Filter>Header Files</Filter>
    </ClInclude>
    <ClInclude Include="Core\x\xPar.h">
      <Filter>Header Files</Filter>
    </ClInclude>
    <ClInclude Include="Core\x\xParCmd.h">
      <Filter>Header Files</Filter>
    </ClInclude>
    <ClInclude Include="Core\x\xParSys.h">
      <Filter>Header Files</Filter>
    </ClInclude>
    <ClInclude Include="Core\x\xCurveAsset.h">
      <Filter>Header Files</Filter>
    </ClInclude>
    <ClInclude Include="Game\zLightning.h">
      <Filter>Header Files</Filter>
    </ClInclude>
    <ClInclude Include="Game\zDispatcher.h">
      <Filter>Header Files</Filter>
    </ClInclude>
    <ClInclude Include="Core\x\xParMgr.h">
      <Filter>Header Files</Filter>
    </ClInclude>
    <ClInclude Include="Game\zParCmd.h">
      <Filter>Header Files</Filter>
    </ClInclude>
    <ClInclude Include="Game\zEntPickup.h">
      <Filter>Header Files</Filter>
    </ClInclude>
    <ClInclude Include="Game\zCameraTweak.h">
      <Filter>Header Files</Filter>
    </ClInclude>
    <ClInclude Include="Core\x\xsavegame.h">
      <Filter>Header Files</Filter>
    </ClInclude>
    <ClInclude Include="Game\zNPCMgr.h">
      <Filter>Header Files</Filter>
    </ClInclude>
    <ClInclude Include="Core\p2\iModel.h">
      <Filter>Header Files</Filter>
    </ClInclude>
    <ClInclude Include="Game\zGameState.h">
      <Filter>Header Files</Filter>
    </ClInclude>
    <ClInclude Include="Game\zMusic.h">
      <Filter>Header Files</Filter>
    </ClInclude>
    <ClInclude Include="Game\zVolume.h">
      <Filter>Header Files</Filter>
    </ClInclude>
    <ClInclude Include="Core\x\xFog.h">
      <Filter>Header Files</Filter>
    </ClInclude>
    <ClInclude Include="Game\zParPTank.h">
      <Filter>Header Files</Filter>
    </ClInclude>
    <ClInclude Include="Core\p2\iSnd.h">
      <Filter>Header Files</Filter>
    </ClInclude>
    <ClInclude Include="Core\x\xPtankPool.h">
      <Filter>Header Files</Filter>
    </ClInclude>
    <ClInclude Include="Core\x\xDecal.h">
      <Filter>Header Files</Filter>
    </ClInclude>
    <ClInclude Include="Game\zAnimList.h">
      <Filter>Header Files</Filter>
    </ClInclude>
    <ClInclude Include="Game\zGoo.h">
      <Filter>Header Files</Filter>
    </ClInclude>
    <ClInclude Include="Game\zCollGeom.h">
      <Filter>Header Files</Filter>
    </ClInclude>
    <ClInclude Include="Game\zUIFont.h">
      <Filter>Header Files</Filter>
    </ClInclude>
    <ClInclude Include="Game\zTaskBox.h">
      <Filter>Header Files</Filter>
    </ClInclude>
    <ClInclude Include="Core\x\xCounter.h">
      <Filter>Header Files</Filter>
    </ClInclude>
    <ClInclude Include="Game\zSurface.h">
      <Filter>Header Files</Filter>
    </ClInclude>
    <ClInclude Include="Game\zDiscoFloor.h">
      <Filter>Header Files</Filter>
    </ClInclude>
    <ClInclude Include="Game\zEntSimpleObj.h">
      <Filter>Header Files</Filter>
    </ClInclude>
    <ClInclude Include="Game\zBase.h">
      <Filter>Header Files</Filter>
    </ClInclude>
    <ClInclude Include="Game\zEntTrigger.h">
      <Filter>Header Files</Filter>
    </ClInclude>
    <ClInclude Include="Game\zCamMarker.h">
      <Filter>Header Files</Filter>
    </ClInclude>
    <ClInclude Include="Game\zGust.h">
      <Filter>Header Files</Filter>
    </ClInclude>
    <ClInclude Include="Core\x\xVolume.h">
      <Filter>Header Files</Filter>
    </ClInclude>
    <ClInclude Include="Game\zLight.h">
      <Filter>Header Files</Filter>
    </ClInclude>
    <ClInclude Include="Game\zPendulum.h">
      <Filter>Header Files</Filter>
    </ClInclude>
    <ClInclude Include="Game\zEntDestructObj.h">
      <Filter>Header Files</Filter>
    </ClInclude>
    <ClInclude Include="Core\x\xSFX.h">
      <Filter>Header Files</Filter>
    </ClInclude>
    <ClInclude Include="Game\zEntButton.h">
      <Filter>Header Files</Filter>
    </ClInclude>
    <ClInclude Include="Core\x\xTimer.h">
      <Filter>Header Files</Filter>
    </ClInclude>
    <ClInclude Include="Game\zConditional.h">
      <Filter>Header Files</Filter>
    </ClInclude>
    <ClInclude Include="Core\p2\iLight.h">
      <Filter>Header Files</Filter>
    </ClInclude>
    <ClInclude Include="Game\zEGenerator.h">
      <Filter>Header Files</Filter>
    </ClInclude>
    <ClInclude Include="Game\zScript.h">
      <Filter>Header Files</Filter>
    </ClInclude>
    <ClInclude Include="Core\x\xPartition.h">
      <Filter>Header Files</Filter>
    </ClInclude>
    <ClInclude Include="Game\zRenderState.h">
      <Filter>Header Files</Filter>
    </ClInclude>
    <ClInclude Include="Game\zFeet.h">
      <Filter>Header Files</Filter>
    </ClInclude>
    <ClInclude Include="Game\zActionLine.h">
      <Filter>Header Files</Filter>
    </ClInclude>
    <ClInclude Include="Core\x\xClimate.h">
      <Filter>Header Files</Filter>
    </ClInclude>
    <ClInclude Include="Game\zGameExtras.h">
      <Filter>Header Files</Filter>
    </ClInclude>
    <ClInclude Include="Core\x\xDraw.h">
      <Filter>Header Files</Filter>
    </ClInclude>
    <ClInclude Include="Core\p2\iDraw.h">
      <Filter>Header Files</Filter>
    </ClInclude>
    <ClInclude Include="Core\p2\iTRC.h">
      <Filter>Header Files</Filter>
    </ClInclude>
    <ClInclude Include="Game\zFX.h">
      <Filter>Header Files</Filter>
    </ClInclude>
    <ClInclude Include="Core\x\xCollideFast.h">
      <Filter>Header Files</Filter>
    </ClInclude>
    <ClInclude Include="Core\x\xMathInlines.h">
      <Filter>Header Files</Filter>
    </ClInclude>
    <ClInclude Include="Core\x\xSkyDome.h">
      <Filter>Header Files</Filter>
    </ClInclude>
    <ClInclude Include="Core\x\xEvent.h">
      <Filter>Header Files</Filter>
    </ClInclude>
    <ClInclude Include="Game\zLOD.h">
      <Filter>Header Files</Filter>
    </ClInclude>
    <ClInclude Include="Game\zEntTeleportBox.h">
      <Filter>Header Files</Filter>
    </ClInclude>
    <ClInclude Include="Game\zBusStop.h">
      <Filter>Header Files</Filter>
    </ClInclude>
    <ClInclude Include="Game\zTaxi.h">
      <Filter>Header Files</Filter>
    </ClInclude>
    <ClInclude Include="Game\zCameraFly.h">
      <Filter>Header Files</Filter>
    </ClInclude>
    <ClInclude Include="Game\zThrown.h">
      <Filter>Header Files</Filter>
    </ClInclude>
    <ClInclude Include="Game\zGrid.h">
      <Filter>Header Files</Filter>
    </ClInclude>
    <ClInclude Include="Core\x\xFloatAndVoid.h">
      <Filter>Header Files</Filter>
    </ClInclude>
    <ClInclude Include="Game\zParSys.h">
      <Filter>Header Files</Filter>
    </ClInclude>
    <ClInclude Include="Core\x\xSystem.h">
      <Filter>Header Files</Filter>
    </ClInclude>
    <ClInclude Include="Game\zFMV.h">
      <Filter>Header Files</Filter>
    </ClInclude>
    <ClInclude Include="Game\zSaveLoad.h">
      <Filter>Header Files</Filter>
    </ClInclude>
    <ClInclude Include="Core\x\xVec3Inlines.h">
      <Filter>Header Files</Filter>
    </ClInclude>
    <ClInclude Include="Game\zPad.h">
      <Filter>Header Files</Filter>
    </ClInclude>
    <ClInclude Include="Core\p2\iWindow.h">
      <Filter>Header Files</Filter>
    </ClInclude>
    <ClInclude Include="Game\zNPCGlyph.h">
      <Filter>Header Files</Filter>
    </ClInclude>
    <ClInclude Include="Game\zNPCHazard.h">
      <Filter>Header Files</Filter>
    </ClInclude>
    <ClInclude Include="Game\zEntCruiseBubble.h">
      <Filter>Header Files</Filter>
    </ClInclude>
    <ClInclude Include="Game\zHud.h">
      <Filter>Header Files</Filter>
    </ClInclude>
    <ClInclude Include="Core\x\xCM.h">
      <Filter>Header Files</Filter>
    </ClInclude>
    <ClInclude Include="Game\DebugText.h">
      <Filter>Header Files</Filter>
    </ClInclude>
    <ClInclude Include="Game\zCombo.h">
      <Filter>Header Files</Filter>
    </ClInclude>
    <ClInclude Include="Core\x\xMarkerAsset.h">
      <Filter>Header Files</Filter>
    </ClInclude>
    <ClInclude Include="Core\p2\iParMgr.h">
      <Filter>Header Files</Filter>
    </ClInclude>
    <ClInclude Include="Core\p2\iAnim.h">
      <Filter>Header Files</Filter>
    </ClInclude>
    <ClInclude Include="Core\x\xMorph.h">
      <Filter>Header Files</Filter>
    </ClInclude>
    <ClInclude Include="Core\p2\iAnimSKB.h">
      <Filter>Header Files</Filter>
    </ClInclude>
    <ClInclude Include="Game\zEntPlayerAnimationTables.h">
      <Filter>Header Files</Filter>
    </ClInclude>
    <ClInclude Include="Core\x\xHudModel.h">
      <Filter>Header Files</Filter>
    </ClInclude>
  </ItemGroup>
  <ItemGroup>
    <ClCompile Include="Game\zMain.cpp">
      <Filter>Source Files</Filter>
    </ClCompile>
    <ClCompile Include="Core\x\xEnt.cpp">
      <Filter>Source Files</Filter>
    </ClCompile>
    <ClCompile Include="Core\p2\iSystem.cpp">
      <Filter>Source Files</Filter>
    </ClCompile>
    <ClCompile Include="Core\x\xDebug.cpp">
      <Filter>Source Files</Filter>
    </ClCompile>
    <ClCompile Include="Core\x\xMemMgr.cpp">
      <Filter>Source Files</Filter>
    </ClCompile>
    <ClCompile Include="Core\p2\iFile.cpp">
      <Filter>Source Files</Filter>
    </ClCompile>
    <ClCompile Include="Core\p2\iTime.cpp">
      <Filter>Source Files</Filter>
    </ClCompile>
    <ClCompile Include="Core\x\xPad.cpp">
      <Filter>Source Files</Filter>
    </ClCompile>
    <ClCompile Include="Core\x\xSnd.cpp">
      <Filter>Source Files</Filter>
    </ClCompile>
    <ClCompile Include="Core\x\xMath.cpp">
      <Filter>Source Files</Filter>
    </ClCompile>
    <ClCompile Include="Core\x\xMath3.cpp">
      <Filter>Source Files</Filter>
    </ClCompile>
    <ClCompile Include="Core\x\xShadow.cpp">
      <Filter>Source Files</Filter>
    </ClCompile>
    <ClCompile Include="Core\x\xFX.cpp">
      <Filter>Source Files</Filter>
    </ClCompile>
    <ClCompile Include="Core\p2\iMemMgr.cpp">
      <Filter>Source Files</Filter>
    </ClCompile>
    <ClCompile Include="Core\p2\iMath3.cpp">
      <Filter>Source Files</Filter>
    </ClCompile>
    <ClCompile Include="Game\zScene.cpp">
      <Filter>Source Files</Filter>
    </ClCompile>
    <ClCompile Include="Game\zVar.cpp">
      <Filter>Source Files</Filter>
    </ClCompile>
    <ClCompile Include="Core\x\xFont.cpp">
      <Filter>Source Files</Filter>
    </ClCompile>
    <ClCompile Include="Core\x\xString.cpp">
      <Filter>Source Files</Filter>
    </ClCompile>
    <ClCompile Include="Game\zAssetTypes.cpp">
      <Filter>Source Files</Filter>
    </ClCompile>
    <ClCompile Include="Core\x\xstransvc.cpp">
      <Filter>Source Files</Filter>
    </ClCompile>
    <ClCompile Include="Core\x\xpkrsvc.cpp">
      <Filter>Source Files</Filter>
    </ClCompile>
    <ClCompile Include="Core\x\xhipio.cpp">
      <Filter>Source Files</Filter>
    </ClCompile>
    <ClCompile Include="Game\zNPCTypeTest.cpp">
      <Filter>Source Files</Filter>
    </ClCompile>
    <ClCompile Include="Game\zNPCTypeDutchman.cpp">
      <Filter>Source Files</Filter>
    </ClCompile>
    <ClCompile Include="Game\zNPCTypeDuplotron.cpp">
      <Filter>Source Files</Filter>
    </ClCompile>
    <ClCompile Include="Game\zNPCTypeCommon.cpp">
      <Filter>Source Files</Filter>
    </ClCompile>
    <ClCompile Include="Game\zNPCTypeBossPlankton.cpp">
      <Filter>Source Files</Filter>
    </ClCompile>
    <ClCompile Include="Game\zNPCTypeRobot.cpp">
      <Filter>Source Files</Filter>
    </ClCompile>
    <ClCompile Include="Game\zNPCTypeBossSandy.cpp">
      <Filter>Source Files</Filter>
    </ClCompile>
    <ClCompile Include="Game\zNPCTypeKingJelly.cpp">
      <Filter>Source Files</Filter>
    </ClCompile>
    <ClCompile Include="Game\zNPCTypeVillager.cpp">
      <Filter>Source Files</Filter>
    </ClCompile>
    <ClCompile Include="Game\zNPCTypePrawn.cpp">
      <Filter>Source Files</Filter>
    </ClCompile>
    <ClCompile Include="Game\zNPCTypeAmbient.cpp">
      <Filter>Source Files</Filter>
    </ClCompile>
    <ClCompile Include="Game\zNPCTypeBossSB1.cpp">
      <Filter>Source Files</Filter>
    </ClCompile>
    <ClCompile Include="Game\zNPCTypeBoss.cpp">
      <Filter>Source Files</Filter>
    </ClCompile>
    <ClCompile Include="Game\zNPCTypeBossSB2.cpp">
      <Filter>Source Files</Filter>
    </ClCompile>
    <ClCompile Include="Game\zNPCTypeTiki.cpp">
      <Filter>Source Files</Filter>
    </ClCompile>
    <ClCompile Include="Game\zNPCTypeBossPatrick.cpp">
      <Filter>Source Files</Filter>
    </ClCompile>
    <ClCompile Include="Core\x\xutil.cpp">
      <Filter>Source Files</Filter>
    </ClCompile>
    <ClCompile Include="Core\x\xbinio.cpp">
      <Filter>Source Files</Filter>
    </ClCompile>
    <ClCompile Include="Core\x\xFile.cpp">
      <Filter>Source Files</Filter>
    </ClCompile>
    <ClCompile Include="Core\x\xordarray.cpp">
      <Filter>Source Files</Filter>
    </ClCompile>
    <ClCompile Include="Core\p2\print.cpp">
      <Filter>Source Files</Filter>
    </ClCompile>
    <ClCompile Include="Core\x\iCamera.cpp">
      <Filter>Source Files</Filter>
    </ClCompile>
    <ClCompile Include="Core\p2\iScrFX.cpp">
      <Filter>Source Files</Filter>
    </ClCompile>
    <ClCompile Include="Core\x\xVec3.cpp">
      <Filter>Source Files</Filter>
    </ClCompile>
    <ClCompile Include="Core\x\xMath2.cpp">
      <Filter>Source Files</Filter>
    </ClCompile>
    <ClCompile Include="Core\p2\bacamval_hack.c">
      <Filter>Source Files</Filter>
    </ClCompile>
    <ClCompile Include="Game\zMenu.cpp">
      <Filter>Source Files</Filter>
    </ClCompile>
    <ClCompile Include="Core\x\xTRC.cpp">
      <Filter>Source Files</Filter>
    </ClCompile>
    <ClCompile Include="Core\x\xIni.cpp">
      <Filter>Source Files</Filter>
    </ClCompile>
    <ClCompile Include="Game\zGame.cpp">
      <Filter>Source Files</Filter>
    </ClCompile>
    <ClCompile Include="Game\zUI.cpp">
      <Filter>Source Files</Filter>
    </ClCompile>
    <ClCompile Include="Core\x\xScrFx.cpp">
      <Filter>Source Files</Filter>
    </ClCompile>
    <ClCompile Include="Core\x\xCamera.cpp">
      <Filter>Source Files</Filter>
    </ClCompile>
    <ClCompile Include="Game\zCamera.cpp">
      <Filter>Source Files</Filter>
    </ClCompile>
    <ClCompile Include="Game\zEntPlayerBungeeState.cpp">
      <Filter>Source Files</Filter>
    </ClCompile>
    <ClCompile Include="Game\zEntPlayerOOBState.cpp">
      <Filter>Source Files</Filter>
    </ClCompile>
    <ClCompile Include="Game\zTalkBox.cpp">
      <Filter>Source Files</Filter>
    </ClCompile>
    <ClCompile Include="Game\zEntPlayer.cpp">
      <Filter>Source Files</Filter>
    </ClCompile>
    <ClCompile Include="Core\x\xserializer.cpp">
      <Filter>Source Files</Filter>
    </ClCompile>
    <ClCompile Include="Game\zDispatcher.cpp">
      <Filter>Source Files</Filter>
    </ClCompile>
    <ClCompile Include="Core\x\xParMgr.cpp">
      <Filter>Source Files</Filter>
    </ClCompile>
    <ClCompile Include="Game\zParCmd.cpp">
      <Filter>Source Files</Filter>
    </ClCompile>
    <ClCompile Include="Core\p2\iEnv.cpp">
      <Filter>Source Files</Filter>
    </ClCompile>
    <ClCompile Include="Game\zEntPickup.cpp">
      <Filter>Source Files</Filter>
    </ClCompile>
    <ClCompile Include="Game\zCameraTweak.cpp">
      <Filter>Source Files</Filter>
    </ClCompile>
    <ClCompile Include="Core\x\xsavegame.cpp">
      <Filter>Source Files</Filter>
    </ClCompile>
    <ClCompile Include="Game\zShrapnel.cpp">
      <Filter>Source Files</Filter>
    </ClCompile>
    <ClCompile Include="Core\x\xBehaveMgr.cpp">
      <Filter>Source Files</Filter>
    </ClCompile>
    <ClCompile Include="Game\zNPCMgr.cpp">
      <Filter>Source Files</Filter>
    </ClCompile>
    <ClCompile Include="Core\x\xShadowSimple.cpp">
      <Filter>Source Files</Filter>
    </ClCompile>
    <ClCompile Include="Game\zPickupTable.cpp">
      <Filter>Source Files</Filter>
    </ClCompile>
    <ClCompile Include="Core\x\xModel.cpp">
      <Filter>Source Files</Filter>
    </ClCompile>
    <ClCompile Include="Core\p2\iModel.cpp">
      <Filter>Source Files</Filter>
    </ClCompile>
    <ClCompile Include="Game\zCutsceneMgr.cpp">
      <Filter>Source Files</Filter>
    </ClCompile>
    <ClCompile Include="Game\zGameState.cpp">
      <Filter>Source Files</Filter>
    </ClCompile>
    <ClCompile Include="Game\zMusic.cpp">
      <Filter>Source Files</Filter>
    </ClCompile>
    <ClCompile Include="Game\zVolume.cpp">
      <Filter>Source Files</Filter>
    </ClCompile>
    <ClCompile Include="Core\x\xFog.cpp">
      <Filter>Source Files</Filter>
    </ClCompile>
    <ClCompile Include="Game\zParPTank.cpp">
      <Filter>Source Files</Filter>
    </ClCompile>
    <ClCompile Include="Core\x\xScene.cpp">
      <Filter>Source Files</Filter>
    </ClCompile>
    <ClCompile Include="Core\p2\iSnd.cpp">
      <Filter>Source Files</Filter>
    </ClCompile>
    <ClCompile Include="Core\x\xModelBucket.cpp">
      <Filter>Source Files</Filter>
    </ClCompile>
    <ClCompile Include="Core\x\xPtankPool.cpp">
      <Filter>Source Files</Filter>
    </ClCompile>
    <ClCompile Include="Core\x\xDecal.cpp">
      <Filter>Source Files</Filter>
    </ClCompile>
    <ClCompile Include="Game\zLasso.cpp">
      <Filter>Source Files</Filter>
    </ClCompile>
    <ClCompile Include="Game\zAnimList.cpp">
      <Filter>Source Files</Filter>
    </ClCompile>
    <ClCompile Include="Game\zGoo.cpp">
      <Filter>Source Files</Filter>
    </ClCompile>
    <ClCompile Include="Game\zCollGeom.cpp">
      <Filter>Source Files</Filter>
    </ClCompile>
    <ClCompile Include="Game\zUIFont.cpp">
      <Filter>Source Files</Filter>
    </ClCompile>
    <ClCompile Include="Game\zTextBox.cpp">
      <Filter>Source Files</Filter>
    </ClCompile>
    <ClCompile Include="Game\zTaskBox.cpp">
      <Filter>Source Files</Filter>
    </ClCompile>
    <ClCompile Include="Core\x\xCounter.cpp">
      <Filter>Source Files</Filter>
    </ClCompile>
    <ClCompile Include="Game\zSurface.cpp">
      <Filter>Source Files</Filter>
    </ClCompile>
    <ClCompile Include="Game\zDiscoFloor.cpp">
      <Filter>Source Files</Filter>
    </ClCompile>
    <ClCompile Include="Game\zMovePoint.cpp">
      <Filter>Source Files</Filter>
    </ClCompile>
    <ClCompile Include="Game\zCamMarker.cpp">
      <Filter>Source Files</Filter>
    </ClCompile>
    <ClCompile Include="Core\x\xSurface.cpp">
      <Filter>Source Files</Filter>
    </ClCompile>
    <ClCompile Include="Game\zGust.cpp">
      <Filter>Source Files</Filter>
    </ClCompile>
    <ClCompile Include="Game\zLight.cpp">
      <Filter>Source Files</Filter>
    </ClCompile>
    <ClCompile Include="Game\zEntTrigger.cpp">
      <Filter>Source Files</Filter>
    </ClCompile>
    <ClCompile Include="Game\zEntSimpleObj.cpp">
      <Filter>Source Files</Filter>
    </ClCompile>
    <ClCompile Include="Core\x\xParSys.cpp">
      <Filter>Source Files</Filter>
    </ClCompile>
    <ClCompile Include="Core\x\xParEmitter.cpp">
      <Filter>Source Files</Filter>
    </ClCompile>
    <ClCompile Include="Game\zPlatform.cpp">
      <Filter>Source Files</Filter>
    </ClCompile>
    <ClCompile Include="Game\zPendulum.cpp">
      <Filter>Source Files</Filter>
    </ClCompile>
    <ClCompile Include="Game\zEntHangable.cpp">
      <Filter>Source Files</Filter>
    </ClCompile>
    <ClCompile Include="Game\zEntDestructObj.cpp">
      <Filter>Source Files</Filter>
    </ClCompile>
    <ClCompile Include="Core\x\xEntBoulder.cpp">
      <Filter>Source Files</Filter>
    </ClCompile>
    <ClCompile Include="Game\zEntButton.cpp">
      <Filter>Source Files</Filter>
    </ClCompile>
    <ClCompile Include="Core\x\xTimer.cpp">
      <Filter>Source Files</Filter>
    </ClCompile>
    <ClCompile Include="Core\x\xSFX.cpp">
      <Filter>Source Files</Filter>
    </ClCompile>
    <ClCompile Include="Core\x\xGroup.cpp">
      <Filter>Source Files</Filter>
    </ClCompile>
    <ClCompile Include="Game\zPortal.cpp">
      <Filter>Source Files</Filter>
    </ClCompile>
    <ClCompile Include="Game\zConditional.cpp">
      <Filter>Source Files</Filter>
    </ClCompile>
    <ClCompile Include="Game\zEnv.cpp">
      <Filter>Source Files</Filter>
    </ClCompile>
    <ClCompile Include="Game\zEGenerator.cpp">
      <Filter>Source Files</Filter>
    </ClCompile>
    <ClCompile Include="Game\zScript.cpp">
      <Filter>Source Files</Filter>
    </ClCompile>
    <ClCompile Include="Core\x\xFFX.cpp">
      <Filter>Source Files</Filter>
    </ClCompile>
    <ClCompile Include="Core\x\xEntMotion.cpp">
      <Filter>Source Files</Filter>
    </ClCompile>
    <ClCompile Include="Core\x\xPartition.cpp">
      <Filter>Source Files</Filter>
    </ClCompile>
    <ClCompile Include="Game\zRenderState.cpp">
      <Filter>Source Files</Filter>
    </ClCompile>
    <ClCompile Include="Game\zFeet.cpp">
      <Filter>Source Files</Filter>
    </ClCompile>
    <ClCompile Include="Game\zLightning.cpp">
      <Filter>Source Files</Filter>
    </ClCompile>
    <ClCompile Include="Game\zActionLine.cpp">
      <Filter>Source Files</Filter>
    </ClCompile>
    <ClCompile Include="Core\x\xLightKit.cpp">
      <Filter>Source Files</Filter>
    </ClCompile>
    <ClCompile Include="Core\x\xClimate.cpp">
      <Filter>Source Files</Filter>
    </ClCompile>
    <ClCompile Include="Game\zGameExtras.cpp">
      <Filter>Source Files</Filter>
    </ClCompile>
    <ClCompile Include="Core\x\xJSP.cpp">
      <Filter>Source Files</Filter>
    </ClCompile>
    <ClCompile Include="Core\x\xClumpColl.cpp">
      <Filter>Source Files</Filter>
    </ClCompile>
    <ClCompile Include="Core\x\xDraw.cpp">
      <Filter>Source Files</Filter>
    </ClCompile>
    <ClCompile Include="Core\p2\iDraw.cpp">
      <Filter>Source Files</Filter>
    </ClCompile>
    <ClCompile Include="Core\p2\iTRC.cpp">
      <Filter>Source Files</Filter>
    </ClCompile>
    <ClCompile Include="Game\zFX.cpp">
      <Filter>Source Files</Filter>
    </ClCompile>
    <ClCompile Include="Core\x\xAnim.cpp">
      <Filter>Source Files</Filter>
    </ClCompile>
    <ClCompile Include="Core\x\xCollide.cpp">
      <Filter>Source Files</Filter>
    </ClCompile>
    <ClCompile Include="Core\x\xCollideFast.cpp">
      <Filter>Source Files</Filter>
    </ClCompile>
    <ClCompile Include="Core\x\xBase.cpp">
      <Filter>Source Files</Filter>
    </ClCompile>
    <ClCompile Include="Core\x\xEnv.cpp">
      <Filter>Source Files</Filter>
    </ClCompile>
    <ClCompile Include="Core\p2\iLight.cpp">
      <Filter>Source Files</Filter>
    </ClCompile>
    <ClCompile Include="Core\x\xSkyDome.cpp">
      <Filter>Source Files</Filter>
    </ClCompile>
    <ClCompile Include="Game\zEnt.cpp">
      <Filter>Source Files</Filter>
    </ClCompile>
    <ClCompile Include="Core\x\xUpdateCull.cpp">
      <Filter>Source Files</Filter>
    </ClCompile>
    <ClCompile Include="Core\x\xEvent.cpp">
      <Filter>Source Files</Filter>
    </ClCompile>
    <ClCompile Include="Core\x\xCutscene.cpp">
      <Filter>Source Files</Filter>
    </ClCompile>
    <ClCompile Include="Game\zLOD.cpp">
      <Filter>Source Files</Filter>
    </ClCompile>
    <ClCompile Include="Game\zEntTeleportBox.cpp">
      <Filter>Source Files</Filter>
    </ClCompile>
    <ClCompile Include="Game\zBusStop.cpp">
      <Filter>Source Files</Filter>
    </ClCompile>
    <ClCompile Include="Game\zTaxi.cpp">
      <Filter>Source Files</Filter>
    </ClCompile>
    <ClCompile Include="Game\zCameraFly.cpp">
      <Filter>Source Files</Filter>
    </ClCompile>
    <ClCompile Include="Game\zThrown.cpp">
      <Filter>Source Files</Filter>
    </ClCompile>
    <ClCompile Include="Core\x\xMovePoint.cpp">
      <Filter>Source Files</Filter>
    </ClCompile>
    <ClCompile Include="Core\x\xQuickCull.cpp">
      <Filter>Source Files</Filter>
    </ClCompile>
    <ClCompile Include="Game\zGrid.cpp">
      <Filter>Source Files</Filter>
    </ClCompile>
    <ClCompile Include="Core\x\xSystem.cpp">
      <Filter>Source Files</Filter>
    </ClCompile>
    <ClCompile Include="Game\zFMV.cpp">
      <Filter>Source Files</Filter>
    </ClCompile>
    <ClCompile Include="Game\zSaveLoad.cpp">
      <Filter>Source Files</Filter>
    </ClCompile>
    <ClCompile Include="Core\p2\iPad.cpp">
      <Filter>Source Files</Filter>
    </ClCompile>
    <ClCompile Include="Core\p2\iWindow.cpp">
      <Filter>Source Files</Filter>
    </ClCompile>
    <ClCompile Include="Game\zNPCGlyph.cpp">
      <Filter>Source Files</Filter>
    </ClCompile>
    <ClCompile Include="Game\zNPCHazard.cpp">
      <Filter>Source Files</Filter>
    </ClCompile>
    <ClCompile Include="Game\zEntCruiseBubble.cpp">
      <Filter>Source Files</Filter>
    </ClCompile>
    <ClCompile Include="Game\zHud.cpp">
      <Filter>Source Files</Filter>
    </ClCompile>
    <ClCompile Include="Core\x\xCM.cpp">
      <Filter>Source Files</Filter>
    </ClCompile>
    <ClCompile Include="Game\DebugText.cpp">
      <Filter>Source Files</Filter>
    </ClCompile>
    <ClCompile Include="Game\zCombo.cpp">
      <Filter>Source Files</Filter>
    </ClCompile>
    <ClCompile Include="Core\x\xGrid.cpp">
      <Filter>Source Files</Filter>
    </ClCompile>
    <ClCompile Include="Game\zParEmitter.cpp">
      <Filter>Source Files</Filter>
    </ClCompile>
    <ClCompile Include="Core\p2\iParMgr.cpp">
      <Filter>Source Files</Filter>
    </ClCompile>
    <ClCompile Include="Core\x\xEntDrive.cpp">
      <Filter>Source Files</Filter>
    </ClCompile>
    <ClCompile Include="Core\p2\iAnim.cpp">
      <Filter>Source Files</Filter>
    </ClCompile>
    <ClCompile Include="Core\x\xMorph.cpp">
      <Filter>Source Files</Filter>
    </ClCompile>
    <ClCompile Include="Core\p2\iAnimSKB.cpp">
      <Filter>Source Files</Filter>
    </ClCompile>
    <ClCompile Include="Core\x\xHudModel.cpp">
      <Filter>Source Files</Filter>
    </ClCompile>
  </ItemGroup>
</Project>